<?xml version="1.0" encoding="utf-8"?>
<Project ToolsVersion="4.0" xmlns="http://schemas.microsoft.com/developer/msbuild/2003">
  <ItemGroup>
    <ClCompile Include="main.cpp" />
    <ClCompile Include="3rdParty\DXArchive.cpp">
      <Filter>3rdParty</Filter>
    </ClCompile>
    <ClCompile Include="3rdParty\DXArchiveVer5.cpp">
      <Filter>3rdParty</Filter>
    </ClCompile>
    <ClCompile Include="3rdParty\FileLib.cpp">
      <Filter>3rdParty</Filter>
    </ClCompile>
    <ClCompile Include="3rdParty\CharCode.cpp">
      <Filter>3rdParty</Filter>
    </ClCompile>
    <ClCompile Include="3rdParty\CharCodeTable.cpp">
      <Filter>3rdParty</Filter>
    </ClCompile>
    <ClCompile Include="3rdParty\Huffman.cpp">
      <Filter>3rdParty</Filter>
    </ClCompile>
    <ClCompile Include="3rdParty\DXArchiveVer6.cpp">
      <Filter>3rdParty</Filter>
    </ClCompile>
  </ItemGroup>
  <ItemGroup>
    <ClInclude Include="3rdParty\DataType.h">
      <Filter>3rdParty</Filter>
    </ClInclude>
    <ClInclude Include="3rdParty\DXArchive.h">
      <Filter>3rdParty</Filter>
    </ClInclude>
    <ClInclude Include="3rdParty\DXArchiveVer5.h">
      <Filter>3rdParty</Filter>
    </ClInclude>
    <ClInclude Include="3rdParty\FileLib.h">
      <Filter>3rdParty</Filter>
    </ClInclude>
    <ClInclude Include="3rdParty\CharCode.h">
      <Filter>3rdParty</Filter>
    </ClInclude>
    <ClInclude Include="3rdParty\Huffman.h">
      <Filter>3rdParty</Filter>
    </ClInclude>
    <ClInclude Include="3rdParty\DXArchiveVer6.h">
      <Filter>3rdParty</Filter>
    </ClInclude>
  </ItemGroup>
  <ItemGroup>
    <Filter Include="3rdParty">
      <UniqueIdentifier>{edab9cb7-6632-4c28-82c0-dafb1efaa422}</UniqueIdentifier>
    </Filter>
  </ItemGroup>
</Project>